
Microsoft Visual Studio Solution File, Format Version 12.00
# Visual Studio Version 17
VisualStudioVersion = 17.9.34616.47
MinimumVisualStudioVersion = 10.0.40219.1
Project("{FAE04EC0-301F-11D3-BF4B-00C04F79EFBC}") = "bd_login", "bd_login\bd_login.csproj", "{F6C9537F-BCDB-40F9-AB7C-156353978EA0}"
EndProject
Global
	GlobalSection(SolutionConfigurationPlatforms) = preSolution
		Debug|Any CPU = Debug|Any CPU
		Release|Any CPU = Release|Any CPU
	EndGlobalSection
	GlobalSection(ProjectConfigurationPlatforms) = postSolution
		{F6C9537F-BCDB-40F9-AB7C-156353978EA0}.Debug|Any CPU.ActiveCfg = Debug|Any CPU
		{F6C9537F-BCDB-40F9-AB7C-156353978EA0}.Debug|Any CPU.Build.0 = Debug|Any CPU
		{F6C9537F-BCDB-40F9-AB7C-156353978EA0}.Release|Any CPU.ActiveCfg = Release|Any CPU
		{F6C9537F-BCDB-40F9-AB7C-156353978EA0}.Release|Any CPU.Build.0 = Release|Any CPU
	EndGlobalSection
	GlobalSection(SolutionProperties) = preSolution
		HideSolutionNode = FALSE
	EndGlobalSection
	GlobalSection(ExtensibilityGlobals) = postSolution
		SolutionGuid = {84673733-F64E-4849-9A0F-178915C070CE}
	EndGlobalSection
EndGlobal
